
Microsoft Visual Studio Solution File, Format Version 12.00
# Visual Studio Version 17
VisualStudioVersion = 17.8.34408.163
MinimumVisualStudioVersion = 10.0.40219.1
Project("{8BC9CEB8-8B4A-11D0-8D11-00A0C91BC942}") = "Week10 20212047", "Week10 20212047.vcxproj", "{2B972052-C927-48AA-8A44-55903745751C}"
EndProject
Global
	GlobalSection(SolutionConfigurationPlatforms) = preSolution
		Debug|x64 = Debug|x64
		Debug|x86 = Debug|x86
		Release|x64 = Release|x64
		Release|x86 = Release|x86
	EndGlobalSection
	GlobalSection(ProjectConfigurationPlatforms) = postSolution
		{2B972052-C927-48AA-8A44-55903745751C}.Debug|x64.ActiveCfg = Debug|x64
		{2B972052-C927-48AA-8A44-55903745751C}.Debug|x64.Build.0 = Debug|x64
		{2B972052-C927-48AA-8A44-55903745751C}.Debug|x86.ActiveCfg = Debug|Win32
		{2B972052-C927-48AA-8A44-55903745751C}.Debug|x86.Build.0 = Debug|Win32
		{2B972052-C927-48AA-8A44-55903745751C}.Release|x64.ActiveCfg = Release|x64
		{2B972052-C927-48AA-8A44-55903745751C}.Release|x64.Build.0 = Release|x64
		{2B972052-C927-48AA-8A44-55903745751C}.Release|x86.ActiveCfg = Release|Win32
		{2B972052-C927-48AA-8A44-55903745751C}.Release|x86.Build.0 = Release|Win32
	EndGlobalSection
	GlobalSection(SolutionProperties) = preSolution
		HideSolutionNode = FALSE
	EndGlobalSection
	GlobalSection(ExtensibilityGlobals) = postSolution
		SolutionGuid = {9D74C46B-8A36-4487-AFA7-D832D95013FA}
	EndGlobalSection
EndGlobal
